// !$*UTF8*$!
{
	archiveVersion = 1;
	classes = {
	};
	objectVersion = 46;
	objects = {

/* Begin PBXBuildFile section */
		4405D0FE1952D38500595973 /* AppDelegate.swift in Sources */ = {isa = PBXBuildFile; fileRef = 4405D0FD1952D38500595973 /* AppDelegate.swift */; };
		4405D1001952D38500595973 /* GameScene.sks in Resources */ = {isa = PBXBuildFile; fileRef = 4405D0FF1952D38500595973 /* GameScene.sks */; };
		4405D1021952D38500595973 /* GameScene.swift in Sources */ = {isa = PBXBuildFile; fileRef = 4405D1011952D38500595973 /* GameScene.swift */; };
		4405D1041952D38500595973 /* GameViewController.swift in Sources */ = {isa = PBXBuildFile; fileRef = 4405D1031952D38500595973 /* GameViewController.swift */; };
		4405D1071952D38500595973 /* Main.storyboard in Resources */ = {isa = PBXBuildFile; fileRef = 4405D1051952D38500595973 /* Main.storyboard */; };
		4405D1091952D38500595973 /* Images.xcassets in Resources */ = {isa = PBXBuildFile; fileRef = 4405D1081952D38500595973 /* Images.xcassets */; };
		4405D1151952D38500595973 /* SuperRaceTests.swift in Sources */ = {isa = PBXBuildFile; fileRef = 4405D1141952D38500595973 /* SuperRaceTests.swift */; };
		4405D1211952D3D900595973 /* MotionDetector.swift in Sources */ = {isa = PBXBuildFile; fileRef = 4405D1201952D3D900595973 /* MotionDetector.swift */; };
		4405D1251952D4FA00595973 /* car.png in Resources */ = {isa = PBXBuildFile; fileRef = 4405D1241952D4FA00595973 /* car.png */; };
		4405D1291952E84A00595973 /* Track.swift in Sources */ = {isa = PBXBuildFile; fileRef = 4405D1281952E84A00595973 /* Track.swift */; };
		4405D12B1953168A00595973 /* LoadingScene.swift in Sources */ = {isa = PBXBuildFile; fileRef = 4405D12A1953168A00595973 /* LoadingScene.swift */; };
		4405D12D19531BB800595973 /* carIcon.png in Resources */ = {isa = PBXBuildFile; fileRef = 4405D12C19531BB800595973 /* carIcon.png */; };
		44108F49195929DB00EE00DF /* GameKit.framework in Frameworks */ = {isa = PBXBuildFile; fileRef = 44108F48195929DB00EE00DF /* GameKit.framework */; };
		444DE1801953E0DF006A417E /* trackBackground.png in Resources */ = {isa = PBXBuildFile; fileRef = 444DE1731953E0DF006A417E /* trackBackground.png */; };
		444DE1811953E0DF006A417E /* trackLeftDownIn.png in Resources */ = {isa = PBXBuildFile; fileRef = 444DE1741953E0DF006A417E /* trackLeftDownIn.png */; };
		444DE1821953E0DF006A417E /* trackLeftDownOut.png in Resources */ = {isa = PBXBuildFile; fileRef = 444DE1751953E0DF006A417E /* trackLeftDownOut.png */; };
		444DE1831953E0DF006A417E /* trackLeftRightDown.png in Resources */ = {isa = PBXBuildFile; fileRef = 444DE1761953E0DF006A417E /* trackLeftRightDown.png */; };
		444DE1841953E0DF006A417E /* trackLeftRightUp.png in Resources */ = {isa = PBXBuildFile; fileRef = 444DE1771953E0DF006A417E /* trackLeftRightUp.png */; };
		444DE1851953E0DF006A417E /* trackLeftUpIn.png in Resources */ = {isa = PBXBuildFile; fileRef = 444DE1781953E0DF006A417E /* trackLeftUpIn.png */; };
		444DE1861953E0DF006A417E /* trackLeftUpOut.png in Resources */ = {isa = PBXBuildFile; fileRef = 444DE1791953E0DF006A417E /* trackLeftUpOut.png */; };
		444DE1871953E0DF006A417E /* trackRightDownIn.png in Resources */ = {isa = PBXBuildFile; fileRef = 444DE17A1953E0DF006A417E /* trackRightDownIn.png */; };
		444DE1881953E0DF006A417E /* trackRightDownOut.png in Resources */ = {isa = PBXBuildFile; fileRef = 444DE17B1953E0DF006A417E /* trackRightDownOut.png */; };
		444DE1891953E0DF006A417E /* trackRightUpIn.png in Resources */ = {isa = PBXBuildFile; fileRef = 444DE17C1953E0DF006A417E /* trackRightUpIn.png */; };
		444DE18A1953E0DF006A417E /* trackRightUpOut.png in Resources */ = {isa = PBXBuildFile; fileRef = 444DE17D1953E0DF006A417E /* trackRightUpOut.png */; };
		444DE18B1953E0DF006A417E /* trackUpDownLeft.png in Resources */ = {isa = PBXBuildFile; fileRef = 444DE17E1953E0DF006A417E /* trackUpDownLeft.png */; };
		444DE18C1953E0DF006A417E /* trackUpDownRight.png in Resources */ = {isa = PBXBuildFile; fileRef = 444DE17F1953E0DF006A417E /* trackUpDownRight.png */; };
		444DE18F1954497F006A417E /* bgMusic.mp3 in Resources */ = {isa = PBXBuildFile; fileRef = 444DE18E1954497F006A417E /* bgMusic.mp3 */; };
		444DE193195529EA006A417E /* GLKit.framework in Frameworks */ = {isa = PBXBuildFile; fileRef = 444DE192195529EA006A417E /* GLKit.framework */; };
		444DE19719552A09006A417E /* SRMath.m in Sources */ = {isa = PBXBuildFile; fileRef = 444DE19619552A09006A417E /* SRMath.m */; };
		444DE19A19552C90006A417E /* SRMotionDetector.m in Sources */ = {isa = PBXBuildFile; fileRef = 444DE19919552C90006A417E /* SRMotionDetector.m */; };
/* End PBXBuildFile section */

/* Begin PBXContainerItemProxy section */
		4405D10F1952D38500595973 /* PBXContainerItemProxy */ = {
			isa = PBXContainerItemProxy;
			containerPortal = 4405D0F01952D38400595973 /* Project object */;
			proxyType = 1;
			remoteGlobalIDString = 4405D0F71952D38500595973;
			remoteInfo = SuperRace;
		};
/* End PBXContainerItemProxy section */

/* Begin PBXFileReference section */
		4405D0F81952D38500595973 /* SuperRace.app */ = {isa = PBXFileReference; explicitFileType = wrapper.application; includeInIndex = 0; path = SuperRace.app; sourceTree = BUILT_PRODUCTS_DIR; };
		4405D0FC1952D38500595973 /* Info.plist */ = {isa = PBXFileReference; lastKnownFileType = text.plist.xml; path = Info.plist; sourceTree = "<group>"; };
		4405D0FD1952D38500595973 /* AppDelegate.swift */ = {isa = PBXFileReference; lastKnownFileType = sourcecode.swift; path = AppDelegate.swift; sourceTree = "<group>"; };
		4405D0FF1952D38500595973 /* GameScene.sks */ = {isa = PBXFileReference; lastKnownFileType = file.sks; path = GameScene.sks; sourceTree = "<group>"; };
		4405D1011952D38500595973 /* GameScene.swift */ = {isa = PBXFileReference; lastKnownFileType = sourcecode.swift; path = GameScene.swift; sourceTree = "<group>"; };
		4405D1031952D38500595973 /* GameViewController.swift */ = {isa = PBXFileReference; lastKnownFileType = sourcecode.swift; path = GameViewController.swift; sourceTree = "<group>"; };
		4405D1061952D38500595973 /* Base */ = {isa = PBXFileReference; lastKnownFileType = file.storyboard; name = Base; path = Base.lproj/Main.storyboard; sourceTree = "<group>"; };
		4405D1081952D38500595973 /* Images.xcassets */ = {isa = PBXFileReference; lastKnownFileType = folder.assetcatalog; name = Images.xcassets; path = SuperRace/Images.xcassets; sourceTree = "<group>"; };
		4405D10E1952D38500595973 /* SuperRaceTests.xctest */ = {isa = PBXFileReference; explicitFileType = wrapper.cfbundle; includeInIndex = 0; path = SuperRaceTests.xctest; sourceTree = BUILT_PRODUCTS_DIR; };
		4405D1131952D38500595973 /* Info.plist */ = {isa = PBXFileReference; lastKnownFileType = text.plist.xml; path = Info.plist; sourceTree = "<group>"; };
		4405D1141952D38500595973 /* SuperRaceTests.swift */ = {isa = PBXFileReference; lastKnownFileType = sourcecode.swift; path = SuperRaceTests.swift; sourceTree = "<group>"; };
		4405D1201952D3D900595973 /* MotionDetector.swift */ = {isa = PBXFileReference; fileEncoding = 4; lastKnownFileType = sourcecode.swift; path = MotionDetector.swift; sourceTree = "<group>"; };
		4405D1241952D4FA00595973 /* car.png */ = {isa = PBXFileReference; lastKnownFileType = image.png; name = car.png; path = SuperRace/car.png; sourceTree = "<group>"; };
		4405D1281952E84A00595973 /* Track.swift */ = {isa = PBXFileReference; fileEncoding = 4; lastKnownFileType = sourcecode.swift; path = Track.swift; sourceTree = "<group>"; };
		4405D12A1953168A00595973 /* LoadingScene.swift */ = {isa = PBXFileReference; fileEncoding = 4; lastKnownFileType = sourcecode.swift; path = LoadingScene.swift; sourceTree = "<group>"; };
		4405D12C19531BB800595973 /* carIcon.png */ = {isa = PBXFileReference; lastKnownFileType = image.png; name = carIcon.png; path = SuperRace/carIcon.png; sourceTree = "<group>"; };
		44108F48195929DB00EE00DF /* GameKit.framework */ = {isa = PBXFileReference; lastKnownFileType = wrapper.framework; name = GameKit.framework; path = System/Library/Frameworks/GameKit.framework; sourceTree = SDKROOT; };
		444DE1731953E0DF006A417E /* trackBackground.png */ = {isa = PBXFileReference; lastKnownFileType = image.png; path = trackBackground.png; sourceTree = "<group>"; };
		444DE1741953E0DF006A417E /* trackLeftDownIn.png */ = {isa = PBXFileReference; lastKnownFileType = image.png; path = trackLeftDownIn.png; sourceTree = "<group>"; };
		444DE1751953E0DF006A417E /* trackLeftDownOut.png */ = {isa = PBXFileReference; lastKnownFileType = image.png; path = trackLeftDownOut.png; sourceTree = "<group>"; };
		444DE1761953E0DF006A417E /* trackLeftRightDown.png */ = {isa = PBXFileReference; lastKnownFileType = image.png; path = trackLeftRightDown.png; sourceTree = "<group>"; };
		444DE1771953E0DF006A417E /* trackLeftRightUp.png */ = {isa = PBXFileReference; lastKnownFileType = image.png; path = trackLeftRightUp.png; sourceTree = "<group>"; };
		444DE1781953E0DF006A417E /* trackLeftUpIn.png */ = {isa = PBXFileReference; lastKnownFileType = image.png; path = trackLeftUpIn.png; sourceTree = "<group>"; };
		444DE1791953E0DF006A417E /* trackLeftUpOut.png */ = {isa = PBXFileReference; lastKnownFileType = image.png; path = trackLeftUpOut.png; sourceTree = "<group>"; };
		444DE17A1953E0DF006A417E /* trackRightDownIn.png */ = {isa = PBXFileReference; lastKnownFileType = image.png; path = trackRightDownIn.png; sourceTree = "<group>"; };
		444DE17B1953E0DF006A417E /* trackRightDownOut.png */ = {isa = PBXFileReference; lastKnownFileType = image.png; path = trackRightDownOut.png; sourceTree = "<group>"; };
		444DE17C1953E0DF006A417E /* trackRightUpIn.png */ = {isa = PBXFileReference; lastKnownFileType = image.png; path = trackRightUpIn.png; sourceTree = "<group>"; };
		444DE17D1953E0DF006A417E /* trackRightUpOut.png */ = {isa = PBXFileReference; lastKnownFileType = image.png; path = trackRightUpOut.png; sourceTree = "<group>"; };
		444DE17E1953E0DF006A417E /* trackUpDownLeft.png */ = {isa = PBXFileReference; lastKnownFileType = image.png; path = trackUpDownLeft.png; sourceTree = "<group>"; };
		444DE17F1953E0DF006A417E /* trackUpDownRight.png */ = {isa = PBXFileReference; lastKnownFileType = image.png; path = trackUpDownRight.png; sourceTree = "<group>"; };
		444DE18E1954497F006A417E /* bgMusic.mp3 */ = {isa = PBXFileReference; lastKnownFileType = audio.mp3; path = bgMusic.mp3; sourceTree = "<group>"; };
		444DE192195529EA006A417E /* GLKit.framework */ = {isa = PBXFileReference; lastKnownFileType = wrapper.framework; name = GLKit.framework; path = System/Library/Frameworks/GLKit.framework; sourceTree = SDKROOT; };
		444DE19419552A08006A417E /* SuperRace-Bridging-Header.h */ = {isa = PBXFileReference; lastKnownFileType = sourcecode.c.h; path = "SuperRace-Bridging-Header.h"; sourceTree = "<group>"; };
		444DE19519552A09006A417E /* SRMath.h */ = {isa = PBXFileReference; fileEncoding = 4; lastKnownFileType = sourcecode.c.h; path = SRMath.h; sourceTree = "<group>"; };
		444DE19619552A09006A417E /* SRMath.m */ = {isa = PBXFileReference; fileEncoding = 4; lastKnownFileType = sourcecode.c.objc; path = SRMath.m; sourceTree = "<group>"; };
		444DE19819552C90006A417E /* SRMotionDetector.h */ = {isa = PBXFileReference; fileEncoding = 4; lastKnownFileType = sourcecode.c.h; path = SRMotionDetector.h; sourceTree = "<group>"; };
		444DE19919552C90006A417E /* SRMotionDetector.m */ = {isa = PBXFileReference; fileEncoding = 4; lastKnownFileType = sourcecode.c.objc; path = SRMotionDetector.m; sourceTree = "<group>"; };
/* End PBXFileReference section */

/* Begin PBXFrameworksBuildPhase section */
		4405D0F51952D38500595973 /* Frameworks */ = {
			isa = PBXFrameworksBuildPhase;
			buildActionMask = 2147483647;
			files = (
				444DE193195529EA006A417E /* GLKit.framework in Frameworks */,
				44108F49195929DB00EE00DF /* GameKit.framework in Frameworks */,
			);
			runOnlyForDeploymentPostprocessing = 0;
		};
		4405D10B1952D38500595973 /* Frameworks */ = {
			isa = PBXFrameworksBuildPhase;
			buildActionMask = 2147483647;
			files = (
			);
			runOnlyForDeploymentPostprocessing = 0;
		};
/* End PBXFrameworksBuildPhase section */

/* Begin PBXGroup section */
		4405D0EF1952D38400595973 = {
			isa = PBXGroup;
			children = (
				44108F48195929DB00EE00DF /* GameKit.framework */,
				444DE192195529EA006A417E /* GLKit.framework */,
				444DE18D1953E7C7006A417E /* Resources */,
				4405D0FA1952D38500595973 /* SuperRace */,
				4405D1111952D38500595973 /* SuperRaceTests */,
				4405D0F91952D38500595973 /* Products */,
			);
			sourceTree = "<group>";
		};
		4405D0F91952D38500595973 /* Products */ = {
			isa = PBXGroup;
			children = (
				4405D0F81952D38500595973 /* SuperRace.app */,
				4405D10E1952D38500595973 /* SuperRaceTests.xctest */,
			);
			name = Products;
			sourceTree = "<group>";
		};
		4405D0FA1952D38500595973 /* SuperRace */ = {
			isa = PBXGroup;
			children = (
				444DE19819552C90006A417E /* SRMotionDetector.h */,
				444DE19919552C90006A417E /* SRMotionDetector.m */,
				444DE19519552A09006A417E /* SRMath.h */,
				444DE19619552A09006A417E /* SRMath.m */,
				4405D12A1953168A00595973 /* LoadingScene.swift */,
				4405D1281952E84A00595973 /* Track.swift */,
				4405D1201952D3D900595973 /* MotionDetector.swift */,
				4405D0FD1952D38500595973 /* AppDelegate.swift */,
				4405D0FF1952D38500595973 /* GameScene.sks */,
				4405D1011952D38500595973 /* GameScene.swift */,
				4405D1031952D38500595973 /* GameViewController.swift */,
				4405D1051952D38500595973 /* Main.storyboard */,
				4405D0FB1952D38500595973 /* Supporting Files */,
				444DE19419552A08006A417E /* SuperRace-Bridging-Header.h */,
			);
			path = SuperRace;
			sourceTree = "<group>";
		};
		4405D0FB1952D38500595973 /* Supporting Files */ = {
			isa = PBXGroup;
			children = (
				4405D0FC1952D38500595973 /* Info.plist */,
			);
			name = "Supporting Files";
			sourceTree = "<group>";
		};
		4405D1111952D38500595973 /* SuperRaceTests */ = {
			isa = PBXGroup;
			children = (
				4405D1141952D38500595973 /* SuperRaceTests.swift */,
				4405D1121952D38500595973 /* Supporting Files */,
			);
			path = SuperRaceTests;
			sourceTree = "<group>";
		};
		4405D1121952D38500595973 /* Supporting Files */ = {
			isa = PBXGroup;
			children = (
				4405D1131952D38500595973 /* Info.plist */,
			);
			name = "Supporting Files";
			sourceTree = "<group>";
		};
		444DE1721953E0DF006A417E /* track */ = {
			isa = PBXGroup;
			children = (
				444DE1731953E0DF006A417E /* trackBackground.png */,
				444DE1741953E0DF006A417E /* trackLeftDownIn.png */,
				444DE1751953E0DF006A417E /* trackLeftDownOut.png */,
				444DE1761953E0DF006A417E /* trackLeftRightDown.png */,
				444DE1771953E0DF006A417E /* trackLeftRightUp.png */,
				444DE1781953E0DF006A417E /* trackLeftUpIn.png */,
				444DE1791953E0DF006A417E /* trackLeftUpOut.png */,
				444DE17A1953E0DF006A417E /* trackRightDownIn.png */,
				444DE17B1953E0DF006A417E /* trackRightDownOut.png */,
				444DE17C1953E0DF006A417E /* trackRightUpIn.png */,
				444DE17D1953E0DF006A417E /* trackRightUpOut.png */,
				444DE17E1953E0DF006A417E /* trackUpDownLeft.png */,
				444DE17F1953E0DF006A417E /* trackUpDownRight.png */,
			);
			path = track;
			sourceTree = "<group>";
		};
		444DE18D1953E7C7006A417E /* Resources */ = {
			isa = PBXGroup;
			children = (
				444DE18E1954497F006A417E /* bgMusic.mp3 */,
				4405D1241952D4FA00595973 /* car.png */,
				4405D12C19531BB800595973 /* carIcon.png */,
				4405D1081952D38500595973 /* Images.xcassets */,
				444DE1721953E0DF006A417E /* track */,
			);
			name = Resources;
			sourceTree = "<group>";
		};
/* End PBXGroup section */

/* Begin PBXNativeTarget section */
		4405D0F71952D38500595973 /* SuperRace */ = {
			isa = PBXNativeTarget;
			buildConfigurationList = 4405D1181952D38500595973 /* Build configuration list for PBXNativeTarget "SuperRace" */;
			buildPhases = (
				4405D0F41952D38500595973 /* Sources */,
				4405D0F51952D38500595973 /* Frameworks */,
				4405D0F61952D38500595973 /* Resources */,
			);
			buildRules = (
			);
			dependencies = (
			);
			name = SuperRace;
			productName = SuperRace;
			productReference = 4405D0F81952D38500595973 /* SuperRace.app */;
			productType = "com.apple.product-type.application";
		};
		4405D10D1952D38500595973 /* SuperRaceTests */ = {
			isa = PBXNativeTarget;
			buildConfigurationList = 4405D11B1952D38500595973 /* Build configuration list for PBXNativeTarget "SuperRaceTests" */;
			buildPhases = (
				4405D10A1952D38500595973 /* Sources */,
				4405D10B1952D38500595973 /* Frameworks */,
				4405D10C1952D38500595973 /* Resources */,
			);
			buildRules = (
			);
			dependencies = (
				4405D1101952D38500595973 /* PBXTargetDependency */,
			);
			name = SuperRaceTests;
			productName = SuperRaceTests;
			productReference = 4405D10E1952D38500595973 /* SuperRaceTests.xctest */;
			productType = "com.apple.product-type.bundle.unit-test";
		};
/* End PBXNativeTarget section */

/* Begin PBXProject section */
		4405D0F01952D38400595973 /* Project object */ = {
			isa = PBXProject;
			attributes = {
				LastUpgradeCheck = 0600;
				ORGANIZATIONNAME = FloodSurge;
				TargetAttributes = {
					4405D0F71952D38500595973 = {
						CreatedOnToolsVersion = 6.0;
						SystemCapabilities = {
							com.apple.GameCenter = {
								enabled = 1;
							};
						};
					};
					4405D10D1952D38500595973 = {
						CreatedOnToolsVersion = 6.0;
						TestTargetID = 4405D0F71952D38500595973;
					};
				};
			};
			buildConfigurationList = 4405D0F31952D38400595973 /* Build configuration list for PBXProject "SuperRace" */;
			compatibilityVersion = "Xcode 3.2";
			developmentRegion = English;
			hasScannedForEncodings = 0;
			knownRegions = (
				en,
				Base,
			);
			mainGroup = 4405D0EF1952D38400595973;
			productRefGroup = 4405D0F91952D38500595973 /* Products */;
			projectDirPath = "";
			projectRoot = "";
			targets = (
				4405D0F71952D38500595973 /* SuperRace */,
				4405D10D1952D38500595973 /* SuperRaceTests */,
			);
		};
/* End PBXProject section */

/* Begin PBXResourcesBuildPhase section */
		4405D0F61952D38500595973 /* Resources */ = {
			isa = PBXResourcesBuildPhase;
			buildActionMask = 2147483647;
			files = (
				4405D1091952D38500595973 /* Images.xcassets in Resources */,
				444DE1831953E0DF006A417E /* trackLeftRightDown.png in Resources */,
				444DE1801953E0DF006A417E /* trackBackground.png in Resources */,
				4405D12D19531BB800595973 /* carIcon.png in Resources */,
				444DE1841953E0DF006A417E /* trackLeftRightUp.png in Resources */,
				444DE1891953E0DF006A417E /* trackRightUpIn.png in Resources */,
				444DE18A1953E0DF006A417E /* trackRightUpOut.png in Resources */,
				444DE18C1953E0DF006A417E /* trackUpDownRight.png in Resources */,
				4405D1001952D38500595973 /* GameScene.sks in Resources */,
				444DE1861953E0DF006A417E /* trackLeftUpOut.png in Resources */,
				4405D1251952D4FA00595973 /* car.png in Resources */,
				444DE18F1954497F006A417E /* bgMusic.mp3 in Resources */,
				4405D1071952D38500595973 /* Main.storyboard in Resources */,
				444DE1881953E0DF006A417E /* trackRightDownOut.png in Resources */,
				444DE18B1953E0DF006A417E /* trackUpDownLeft.png in Resources */,
				444DE1811953E0DF006A417E /* trackLeftDownIn.png in Resources */,
				444DE1871953E0DF006A417E /* trackRightDownIn.png in Resources */,
				444DE1851953E0DF006A417E /* trackLeftUpIn.png in Resources */,
				444DE1821953E0DF006A417E /* trackLeftDownOut.png in Resources */,
			);
			runOnlyForDeploymentPostprocessing = 0;
		};
		4405D10C1952D38500595973 /* Resources */ = {
			isa = PBXResourcesBuildPhase;
			buildActionMask = 2147483647;
			files = (
			);
			runOnlyForDeploymentPostprocessing = 0;
		};
/* End PBXResourcesBuildPhase section */

/* Begin PBXSourcesBuildPhase section */
		4405D0F41952D38500595973 /* Sources */ = {
			isa = PBXSourcesBuildPhase;
			buildActionMask = 2147483647;
			files = (
				4405D1021952D38500595973 /* GameScene.swift in Sources */,
				4405D12B1953168A00595973 /* LoadingScene.swift in Sources */,
				4405D1291952E84A00595973 /* Track.swift in Sources */,
				444DE19719552A09006A417E /* SRMath.m in Sources */,
				4405D1041952D38500595973 /* GameViewController.swift in Sources */,
				4405D0FE1952D38500595973 /* AppDelegate.swift in Sources */,
				444DE19A19552C90006A417E /* SRMotionDetector.m in Sources */,
				4405D1211952D3D900595973 /* MotionDetector.swift in Sources */,
			);
			runOnlyForDeploymentPostprocessing = 0;
		};
		4405D10A1952D38500595973 /* Sources */ = {
			isa = PBXSourcesBuildPhase;
			buildActionMask = 2147483647;
			files = (
				4405D1151952D38500595973 /* SuperRaceTests.swift in Sources */,
			);
			runOnlyForDeploymentPostprocessing = 0;
		};
/* End PBXSourcesBuildPhase section */

/* Begin PBXTargetDependency section */
		4405D1101952D38500595973 /* PBXTargetDependency */ = {
			isa = PBXTargetDependency;
			target = 4405D0F71952D38500595973 /* SuperRace */;
			targetProxy = 4405D10F1952D38500595973 /* PBXContainerItemProxy */;
		};
/* End PBXTargetDependency section */

/* Begin PBXVariantGroup section */
		4405D1051952D38500595973 /* Main.storyboard */ = {
			isa = PBXVariantGroup;
			children = (
				4405D1061952D38500595973 /* Base */,
			);
			name = Main.storyboard;
			sourceTree = "<group>";
		};
/* End PBXVariantGroup section */

/* Begin XCBuildConfiguration section */
		4405D1161952D38500595973 /* Debug */ = {
			isa = XCBuildConfiguration;
			buildSettings = {
				ALWAYS_SEARCH_USER_PATHS = NO;
				CLANG_CXX_LANGUAGE_STANDARD = "gnu++0x";
				CLANG_CXX_LIBRARY = "libc++";
				CLANG_ENABLE_MODULES = YES;
				CLANG_ENABLE_OBJC_ARC = YES;
				CLANG_WARN_BOOL_CONVERSION = YES;
				CLANG_WARN_CONSTANT_CONVERSION = YES;
				CLANG_WARN_DIRECT_OBJC_ISA_USAGE = YES_ERROR;
				CLANG_WARN_EMPTY_BODY = YES;
				CLANG_WARN_ENUM_CONVERSION = YES;
				CLANG_WARN_INT_CONVERSION = YES;
				CLANG_WARN_OBJC_ROOT_CLASS = YES_ERROR;
				CLANG_WARN_UNREACHABLE_CODE = YES;
				CLANG_WARN__DUPLICATE_METHOD_MATCH = YES;
				"CODE_SIGN_IDENTITY[sdk=iphoneos*]" = "iPhone Developer";
				COPY_PHASE_STRIP = NO;
				ENABLE_STRICT_OBJC_MSGSEND = YES;
				GCC_C_LANGUAGE_STANDARD = gnu99;
				GCC_DYNAMIC_NO_PIC = NO;
				GCC_OPTIMIZATION_LEVEL = 0;
				GCC_PREPROCESSOR_DEFINITIONS = (
					"DEBUG=1",
					"$(inherited)",
				);
				GCC_SYMBOLS_PRIVATE_EXTERN = NO;
				GCC_WARN_64_TO_32_BIT_CONVERSION = YES;
				GCC_WARN_ABOUT_RETURN_TYPE = YES_ERROR;
				GCC_WARN_UNDECLARED_SELECTOR = YES;
				GCC_WARN_UNINITIALIZED_AUTOS = YES_AGGRESSIVE;
				GCC_WARN_UNUSED_FUNCTION = YES;
				GCC_WARN_UNUSED_VARIABLE = YES;
				IPHONEOS_DEPLOYMENT_TARGET = 8.0;
				METAL_ENABLE_DEBUG_INFO = YES;
				ONLY_ACTIVE_ARCH = YES;
				SDKROOT = iphoneos;
				SWIFT_OPTIMIZATION_LEVEL = "-Onone";
				TARGETED_DEVICE_FAMILY = "1,2";
			};
			name = Debug;
		};
		4405D1171952D38500595973 /* Release */ = {
			isa = XCBuildConfiguration;
			buildSettings = {
				ALWAYS_SEARCH_USER_PATHS = NO;
				CLANG_CXX_LANGUAGE_STANDARD = "gnu++0x";
				CLANG_CXX_LIBRARY = "libc++";
				CLANG_ENABLE_MODULES = YES;
				CLANG_ENABLE_OBJC_ARC = YES;
				CLANG_WARN_BOOL_CONVERSION = YES;
				CLANG_WARN_CONSTANT_CONVERSION = YES;
				CLANG_WARN_DIRECT_OBJC_ISA_USAGE = YES_ERROR;
				CLANG_WARN_EMPTY_BODY = YES;
				CLANG_WARN_ENUM_CONVERSION = YES;
				CLANG_WARN_INT_CONVERSION = YES;
				CLANG_WARN_OBJC_ROOT_CLASS = YES_ERROR;
				CLANG_WARN_UNREACHABLE_CODE = YES;
				CLANG_WARN__DUPLICATE_METHOD_MATCH = YES;
				"CODE_SIGN_IDENTITY[sdk=iphoneos*]" = "iPhone Developer";
				COPY_PHASE_STRIP = YES;
				ENABLE_NS_ASSERTIONS = NO;
				ENABLE_STRICT_OBJC_MSGSEND = YES;
				GCC_C_LANGUAGE_STANDARD = gnu99;
				GCC_WARN_64_TO_32_BIT_CONVERSION = YES;
				GCC_WARN_ABOUT_RETURN_TYPE = YES_ERROR;
				GCC_WARN_UNDECLARED_SELECTOR = YES;
				GCC_WARN_UNINITIALIZED_AUTOS = YES_AGGRESSIVE;
				GCC_WARN_UNUSED_FUNCTION = YES;
				GCC_WARN_UNUSED_VARIABLE = YES;
				IPHONEOS_DEPLOYMENT_TARGET = 8.0;
				METAL_ENABLE_DEBUG_INFO = NO;
				SDKROOT = iphoneos;
				TARGETED_DEVICE_FAMILY = "1,2";
				VALIDATE_PRODUCT = YES;
			};
			name = Release;
		};
		4405D1191952D38500595973 /* Debug */ = {
			isa = XCBuildConfiguration;
			buildSettings = {
				ASSETCATALOG_COMPILER_APPICON_NAME = AppIcon;
				ASSETCATALOG_COMPILER_LAUNCHIMAGE_NAME = LaunchImage;
				CLANG_ENABLE_MODULES = YES;
				CODE_SIGN_IDENTITY = "iPhone Developer";
				"CODE_SIGN_IDENTITY[sdk=iphoneos*]" = "iPhone Developer";
				INFOPLIST_FILE = SuperRace/Info.plist;
				LD_RUNPATH_SEARCH_PATHS = "$(inherited) @executable_path/Frameworks";
				PRODUCT_NAME = "$(TARGET_NAME)";
				PROVISIONING_PROFILE = "";
				SWIFT_OBJC_BRIDGING_HEADER = "SuperRace/SuperRace-Bridging-Header.h";
				SWIFT_OPTIMIZATION_LEVEL = "-Onone";
			};
			name = Debug;
		};
		4405D11A1952D38500595973 /* Release */ = {
			isa = XCBuildConfiguration;
			buildSettings = {
				ASSETCATALOG_COMPILER_APPICON_NAME = AppIcon;
				ASSETCATALOG_COMPILER_LAUNCHIMAGE_NAME = LaunchImage;
				CLANG_ENABLE_MODULES = YES;
				CODE_SIGN_IDENTITY = "iPhone Developer";
				"CODE_SIGN_IDENTITY[sdk=iphoneos*]" = "iPhone Developer";
				INFOPLIST_FILE = SuperRace/Info.plist;
				LD_RUNPATH_SEARCH_PATHS = "$(inherited) @executable_path/Frameworks";
				PRODUCT_NAME = "$(TARGET_NAME)";
				PROVISIONING_PROFILE = "";
				SWIFT_OBJC_BRIDGING_HEADER = "SuperRace/SuperRace-Bridging-Header.h";
			};
			name = Release;
		};
		4405D11C1952D38500595973 /* Debug */ = {
			isa = XCBuildConfiguration;
			buildSettings = {
				BUNDLE_LOADER = "$(BUILT_PRODUCTS_DIR)/SuperRace.app/SuperRace";
				FRAMEWORK_SEARCH_PATHS = (
					"$(SDKROOT)/Developer/Library/Frameworks",
					"$(inherited)",
				);
				GCC_PREPROCESSOR_DEFINITIONS = (
					"DEBUG=1",
					"$(inherited)",
				);
				INFOPLIST_FILE = SuperRaceTests/Info.plist;
				LD_RUNPATH_SEARCH_PATHS = "$(inherited) @executable_path/Frameworks @loader_path/Frameworks";
				METAL_ENABLE_DEBUG_INFO = YES;
				PRODUCT_NAME = "$(TARGET_NAME)";
				TEST_HOST = "$(BUNDLE_LOADER)";
			};
			name = Debug;
		};
		4405D11D1952D38500595973 /* Release */ = {
			isa = XCBuildConfiguration;
			buildSettings = {
				BUNDLE_LOADER = "$(BUILT_PRODUCTS_DIR)/SuperRace.app/SuperRace";
				FRAMEWORK_SEARCH_PATHS = (
					"$(SDKROOT)/Developer/Library/Frameworks",
					"$(inherited)",
				);
				INFOPLIST_FILE = SuperRaceTests/Info.plist;
				LD_RUNPATH_SEARCH_PATHS = "$(inherited) @executable_path/Frameworks @loader_path/Frameworks";
				METAL_ENABLE_DEBUG_INFO = NO;
				PRODUCT_NAME = "$(TARGET_NAME)";
				TEST_HOST = "$(BUNDLE_LOADER)";
			};
			name = Release;
		};
/* End XCBuildConfiguration section */

/* Begin XCConfigurationList section */
		4405D0F31952D38400595973 /* Build configuration list for PBXProject "SuperRace" */ = {
			isa = XCConfigurationList;
			buildConfigurations = (
				4405D1161952D38500595973 /* Debug */,
				4405D1171952D38500595973 /* Release */,
			);
			defaultConfigurationIsVisible = 0;
			defaultConfigurationName = Release;
		};
		4405D1181952D38500595973 /* Build configuration list for PBXNativeTarget "SuperRace" */ = {
			isa = XCConfigurationList;
			buildConfigurations = (
				4405D1191952D38500595973 /* Debug */,
				4405D11A1952D38500595973 /* Release */,
			);
			defaultConfigurationIsVisible = 0;
			defaultConfigurationName = Release;
		};
		4405D11B1952D38500595973 /* Build configuration list for PBXNativeTarget "SuperRaceTests" */ = {
			isa = XCConfigurationList;
			buildConfigurations = (
				4405D11C1952D38500595973 /* Debug */,
				4405D11D1952D38500595973 /* Release */,
			);
			defaultConfigurationIsVisible = 0;
			defaultConfigurationName = Release;
		};
/* End XCConfigurationList section */
	};
	rootObject = 4405D0F01952D38400595973 /* Project object */;
}
